// !$*UTF8*$!
{
	archiveVersion = 1;
	classes = {
	};
	objectVersion = 77;
	objects = {

/* Begin PBXBuildFile section */
		33D2643CD87729126967773F /* UnitConverterTests.swift in Sources */ = {isa = PBXBuildFile; fileRef = 4129821CC7C57E053E80F196 /* UnitConverterTests.swift */; };
		74BC2C40B8856D84EC4F5F25 /* UnitCategory.swift in Sources */ = {isa = PBXBuildFile; fileRef = D29551C101CEDFC26ABB6B1E /* UnitCategory.swift */; };
		7FB05755DC5362F0C2D4E2E6 /* UnitConverterApp.swift in Sources */ = {isa = PBXBuildFile; fileRef = 0FCB167CC39AA3E62ABDEAA3 /* UnitConverterApp.swift */; };
		99BA73F24D54BA8A10900F45 /* ContentView.swift in Sources */ = {isa = PBXBuildFile; fileRef = AFB658C211672EFBC7841D9D /* ContentView.swift */; };
		E87C961BAD6F345B60235051 /* Assets.xcassets in Resources */ = {isa = PBXBuildFile; fileRef = 014DA775568F5F5F132F5797 /* Assets.xcassets */; };
/* End PBXBuildFile section */

/* Begin PBXContainerItemProxy section */
		4C7CAF805DAC36E156712D6D /* PBXContainerItemProxy */ = {
			isa = PBXContainerItemProxy;
			containerPortal = 296AB86B1BFB7FAAAE040884 /* Project object */;
			proxyType = 1;
			remoteGlobalIDString = DE08EF0432B37B63E0B4902A;
			remoteInfo = UnitConverter;
		};
/* End PBXContainerItemProxy section */

/* Begin PBXFileReference section */
		014DA775568F5F5F132F5797 /* Assets.xcassets */ = {isa = PBXFileReference; lastKnownFileType = folder.assetcatalog; path = Assets.xcassets; sourceTree = "<group>"; };
		0FCB167CC39AA3E62ABDEAA3 /* UnitConverterApp.swift */ = {isa = PBXFileReference; lastKnownFileType = sourcecode.swift; path = UnitConverterApp.swift; sourceTree = "<group>"; };
		4129821CC7C57E053E80F196 /* UnitConverterTests.swift */ = {isa = PBXFileReference; lastKnownFileType = sourcecode.swift; path = UnitConverterTests.swift; sourceTree = "<group>"; };
		549A5AF302279A245E02963E /* UnitConverter.app */ = {isa = PBXFileReference; includeInIndex = 0; lastKnownFileType = wrapper.application; path = UnitConverter.app; sourceTree = BUILT_PRODUCTS_DIR; };
		5E4E73BCB9FBBBC5956FB2BA /* UnitConverterTests.xctest */ = {isa = PBXFileReference; includeInIndex = 0; lastKnownFileType = wrapper.cfbundle; path = UnitConverterTests.xctest; sourceTree = BUILT_PRODUCTS_DIR; };
		649FAC934175F9919B25D8AF /* Info.plist */ = {isa = PBXFileReference; lastKnownFileType = text.plist; path = Info.plist; sourceTree = "<group>"; };
		AFB658C211672EFBC7841D9D /* ContentView.swift */ = {isa = PBXFileReference; lastKnownFileType = sourcecode.swift; path = ContentView.swift; sourceTree = "<group>"; };
		D29551C101CEDFC26ABB6B1E /* UnitCategory.swift */ = {isa = PBXFileReference; lastKnownFileType = sourcecode.swift; path = UnitCategory.swift; sourceTree = "<group>"; };
/* End PBXFileReference section */

/* Begin PBXGroup section */
		13E17CDB789890ABCD3A96FA /* UnitConverterTests */ = {
			isa = PBXGroup;
			children = (
				4129821CC7C57E053E80F196 /* UnitConverterTests.swift */,
			);
			path = UnitConverterTests;
			sourceTree = "<group>";
		};
		187EF2AE694F6EB029A0CB18 = {
			isa = PBXGroup;
			children = (
				5FAD9E60ECB9379FD6CCDA82 /* UnitConverter */,
				13E17CDB789890ABCD3A96FA /* UnitConverterTests */,
				DC363552018D3224D3F54D2F /* Products */,
			);
			sourceTree = "<group>";
		};
		2E3AD824FE36722226DCA395 /* Views */ = {
			isa = PBXGroup;
			children = (
				AFB658C211672EFBC7841D9D /* ContentView.swift */,
			);
			path = Views;
			sourceTree = "<group>";
		};
		440543CDECCB9E241D76C727 /* Resources */ = {
			isa = PBXGroup;
			children = (
				014DA775568F5F5F132F5797 /* Assets.xcassets */,
			);
			path = Resources;
			sourceTree = "<group>";
		};
		5FAD9E60ECB9379FD6CCDA82 /* UnitConverter */ = {
			isa = PBXGroup;
			children = (
				649FAC934175F9919B25D8AF /* Info.plist */,
				C5AEC461EEF5CCC34EDDE62F /* App */,
				D398F59575B61E398996DB19 /* Models */,
				440543CDECCB9E241D76C727 /* Resources */,
				2E3AD824FE36722226DCA395 /* Views */,
			);
			path = UnitConverter;
			sourceTree = "<group>";
		};
		C5AEC461EEF5CCC34EDDE62F /* App */ = {
			isa = PBXGroup;
			children = (
				0FCB167CC39AA3E62ABDEAA3 /* UnitConverterApp.swift */,
			);
			path = App;
			sourceTree = "<group>";
		};
		D398F59575B61E398996DB19 /* Models */ = {
			isa = PBXGroup;
			children = (
				D29551C101CEDFC26ABB6B1E /* UnitCategory.swift */,
			);
			path = Models;
			sourceTree = "<group>";
		};
		DC363552018D3224D3F54D2F /* Products */ = {
			isa = PBXGroup;
			children = (
				549A5AF302279A245E02963E /* UnitConverter.app */,
				5E4E73BCB9FBBBC5956FB2BA /* UnitConverterTests.xctest */,
			);
			name = Products;
			sourceTree = "<group>";
		};
/* End PBXGroup section */

/* Begin PBXNativeTarget section */
		DD421BECB16481F0D52FC52F /* UnitConverterTests */ = {
			isa = PBXNativeTarget;
			buildConfigurationList = 27778486E136F8AB4AC30E18 /* Build configuration list for PBXNativeTarget "UnitConverterTests" */;
			buildPhases = (
				7129B6415221288923F2CDA1 /* Sources */,
			);
			buildRules = (
			);
			dependencies = (
				EE90FFED9E84D8CA128563DC /* PBXTargetDependency */,
			);
			name = UnitConverterTests;
			packageProductDependencies = (
			);
			productName = UnitConverterTests;
			productReference = 5E4E73BCB9FBBBC5956FB2BA /* UnitConverterTests.xctest */;
			productType = "com.apple.product-type.bundle.unit-test";
		};
		DE08EF0432B37B63E0B4902A /* UnitConverter */ = {
			isa = PBXNativeTarget;
			buildConfigurationList = 32BCB9F0CED20376E8602D8A /* Build configuration list for PBXNativeTarget "UnitConverter" */;
			buildPhases = (
				4CC9C16111AF93395EADFCC9 /* Sources */,
				BFE6C892E72B3FF7FDE197DB /* Resources */,
			);
			buildRules = (
			);
			dependencies = (
			);
			name = UnitConverter;
			packageProductDependencies = (
			);
			productName = UnitConverter;
			productReference = 549A5AF302279A245E02963E /* UnitConverter.app */;
			productType = "com.apple.product-type.application";
		};
/* End PBXNativeTarget section */

/* Begin PBXProject section */
		296AB86B1BFB7FAAAE040884 /* Project object */ = {
			isa = PBXProject;
			attributes = {
				BuildIndependentTargetsInParallel = YES;
				LastUpgradeCheck = 1430;
				TargetAttributes = {
				};
			};
			buildConfigurationList = 819DAA958CAD1660659554F1 /* Build configuration list for PBXProject "UnitConverter" */;
			developmentRegion = en;
			hasScannedForEncodings = 0;
			knownRegions = (
				Base,
				en,
			);
			mainGroup = 187EF2AE694F6EB029A0CB18;
			minimizedProjectReferenceProxies = 1;
			preferredProjectObjectVersion = 77;
			productRefGroup = DC363552018D3224D3F54D2F /* Products */;
			projectDirPath = "";
			projectRoot = "";
			targets = (
				DE08EF0432B37B63E0B4902A /* UnitConverter */,
				DD421BECB16481F0D52FC52F /* UnitConverterTests */,
			);
		};
/* End PBXProject section */

/* Begin PBXResourcesBuildPhase section */
		BFE6C892E72B3FF7FDE197DB /* Resources */ = {
			isa = PBXResourcesBuildPhase;
			buildActionMask = 2147483647;
			files = (
				E87C961BAD6F345B60235051 /* Assets.xcassets in Resources */,
			);
			runOnlyForDeploymentPostprocessing = 0;
		};
/* End PBXResourcesBuildPhase section */

/* Begin PBXSourcesBuildPhase section */
		4CC9C16111AF93395EADFCC9 /* Sources */ = {
			isa = PBXSourcesBuildPhase;
			buildActionMask = 2147483647;
			files = (
				99BA73F24D54BA8A10900F45 /* ContentView.swift in Sources */,
				74BC2C40B8856D84EC4F5F25 /* UnitCategory.swift in Sources */,
				7FB05755DC5362F0C2D4E2E6 /* UnitConverterApp.swift in Sources */,
			);
			runOnlyForDeploymentPostprocessing = 0;
		};
		7129B6415221288923F2CDA1 /* Sources */ = {
			isa = PBXSourcesBuildPhase;
			buildActionMask = 2147483647;
			files = (
				33D2643CD87729126967773F /* UnitConverterTests.swift in Sources */,
			);
			runOnlyForDeploymentPostprocessing = 0;
		};
/* End PBXSourcesBuildPhase section */

/* Begin PBXTargetDependency section */
		EE90FFED9E84D8CA128563DC /* PBXTargetDependency */ = {
			isa = PBXTargetDependency;
			target = DE08EF0432B37B63E0B4902A /* UnitConverter */;
			targetProxy = 4C7CAF805DAC36E156712D6D /* PBXContainerItemProxy */;
		};
/* End PBXTargetDependency section */

/* Begin XCBuildConfiguration section */
		14DF3DD28FBCDF46CC4E9F87 /* Debug */ = {
			isa = XCBuildConfiguration;
			buildSettings = {
				ASSETCATALOG_COMPILER_APPICON_NAME = AppIcon;
				ASSETCATALOG_COMPILER_GLOBAL_ACCENT_COLOR_NAME = AccentColor;
				CODE_SIGN_IDENTITY = "iPhone Developer";
				INFOPLIST_FILE = UnitConverter/Info.plist;
				LD_RUNPATH_SEARCH_PATHS = (
					"$(inherited)",
					"@executable_path/Frameworks",
				);
				PRODUCT_BUNDLE_IDENTIFIER = com.rishavjha.larpios.unitconverter;
				SDKROOT = iphoneos;
				SWIFT_VERSION = 5.0;
				TARGETED_DEVICE_FAMILY = "1,2";
			};
			name = Debug;
		};
		800039D7001EF43715D13643 /* Release */ = {
			isa = XCBuildConfiguration;
			buildSettings = {
				ASSETCATALOG_COMPILER_APPICON_NAME = AppIcon;
				ASSETCATALOG_COMPILER_GLOBAL_ACCENT_COLOR_NAME = AccentColor;
				CODE_SIGN_IDENTITY = "iPhone Developer";
				INFOPLIST_FILE = UnitConverter/Info.plist;
				LD_RUNPATH_SEARCH_PATHS = (
					"$(inherited)",
					"@executable_path/Frameworks",
				);
				PRODUCT_BUNDLE_IDENTIFIER = com.rishavjha.larpios.unitconverter;
				SDKROOT = iphoneos;
				SWIFT_VERSION = 5.0;
				TARGETED_DEVICE_FAMILY = "1,2";
			};
			name = Release;
		};
		C68FFA8DD80EC0025A303456 /* Debug */ = {
			isa = XCBuildConfiguration;
			buildSettings = {
				ALWAYS_SEARCH_USER_PATHS = NO;
				CLANG_ANALYZER_NONNULL = YES;
				CLANG_ANALYZER_NUMBER_OBJECT_CONVERSION = YES_AGGRESSIVE;
				CLANG_CXX_LANGUAGE_STANDARD = "gnu++14";
				CLANG_CXX_LIBRARY = "libc++";
				CLANG_ENABLE_MODULES = YES;
				CLANG_ENABLE_OBJC_ARC = YES;
				CLANG_ENABLE_OBJC_WEAK = YES;
				CLANG_WARN_BLOCK_CAPTURE_AUTORELEASING = YES;
				CLANG_WARN_BOOL_CONVERSION = YES;
				CLANG_WARN_COMMA = YES;
				CLANG_WARN_CONSTANT_CONVERSION = YES;
				CLANG_WARN_DEPRECATED_OBJC_IMPLEMENTATIONS = YES;
				CLANG_WARN_DIRECT_OBJC_ISA_USAGE = YES_ERROR;
				CLANG_WARN_DOCUMENTATION_COMMENTS = YES;
				CLANG_WARN_EMPTY_BODY = YES;
				CLANG_WARN_ENUM_CONVERSION = YES;
				CLANG_WARN_INFINITE_RECURSION = YES;
				CLANG_WARN_INT_CONVERSION = YES;
				CLANG_WARN_NON_LITERAL_NULL_CONVERSION = YES;
				CLANG_WARN_OBJC_IMPLICIT_RETAIN_SELF = YES;
				CLANG_WARN_OBJC_LITERAL_CONVERSION = YES;
				CLANG_WARN_OBJC_ROOT_CLASS = YES_ERROR;
				CLANG_WARN_QUOTED_INCLUDE_IN_FRAMEWORK_HEADER = YES;
				CLANG_WARN_RANGE_LOOP_ANALYSIS = YES;
				CLANG_WARN_STRICT_PROTOTYPES = YES;
				CLANG_WARN_SUSPICIOUS_MOVE = YES;
				CLANG_WARN_UNGUARDED_AVAILABILITY = YES_AGGRESSIVE;
				CLANG_WARN_UNREACHABLE_CODE = YES;
				CLANG_WARN__DUPLICATE_METHOD_MATCH = YES;
				COPY_PHASE_STRIP = NO;
				DEBUG_INFORMATION_FORMAT = dwarf;
				ENABLE_STRICT_OBJC_MSGSEND = YES;
				ENABLE_TESTABILITY = YES;
				GCC_C_LANGUAGE_STANDARD = gnu11;
				GCC_DYNAMIC_NO_PIC = NO;
				GCC_NO_COMMON_BLOCKS = YES;
				GCC_OPTIMIZATION_LEVEL = 0;
				GCC_PREPROCESSOR_DEFINITIONS = (
					"$(inherited)",
					"DEBUG=1",
				);
				GCC_WARN_64_TO_32_BIT_CONVERSION = YES;
				GCC_WARN_ABOUT_RETURN_TYPE = YES_ERROR;
				GCC_WARN_UNDECLARED_SELECTOR = YES;
				GCC_WARN_UNINITIALIZED_AUTOS = YES_AGGRESSIVE;
				GCC_WARN_UNUSED_FUNCTION = YES;
				GCC_WARN_UNUSED_VARIABLE = YES;
				IPHONEOS_DEPLOYMENT_TARGET = 17.0;
				MTL_ENABLE_DEBUG_INFO = INCLUDE_SOURCE;
				MTL_FAST_MATH = YES;
				ONLY_ACTIVE_ARCH = YES;
				PRODUCT_NAME = "$(TARGET_NAME)";
				SDKROOT = iphoneos;
				SWIFT_ACTIVE_COMPILATION_CONDITIONS = DEBUG;
				SWIFT_OPTIMIZATION_LEVEL = "-Onone";
				SWIFT_VERSION = 5.0;
			};
			name = Debug;
		};
		CA79FA6C6C13B6995C3563E2 /* Debug */ = {
			isa = XCBuildConfiguration;
			buildSettings = {
				BUNDLE_LOADER = "$(TEST_HOST)";
				GENERATE_INFOPLIST_FILE = YES;
				LD_RUNPATH_SEARCH_PATHS = (
					"$(inherited)",
					"@executable_path/Frameworks",
					"@loader_path/Frameworks",
				);
				PRODUCT_BUNDLE_IDENTIFIER = com.rishavjha.larpios.UnitConverterTests;
				SDKROOT = iphoneos;
				SWIFT_VERSION = 5.0;
				TARGETED_DEVICE_FAMILY = "1,2";
				TEST_HOST = "$(BUILT_PRODUCTS_DIR)/UnitConverter.app/UnitConverter";
			};
			name = Debug;
		};
		D57D26C82AA0D6CFB675E378 /* Release */ = {
			isa = XCBuildConfiguration;
			buildSettings = {
				BUNDLE_LOADER = "$(TEST_HOST)";
				GENERATE_INFOPLIST_FILE = YES;
				LD_RUNPATH_SEARCH_PATHS = (
					"$(inherited)",
					"@executable_path/Frameworks",
					"@loader_path/Frameworks",
				);
				PRODUCT_BUNDLE_IDENTIFIER = com.rishavjha.larpios.UnitConverterTests;
				SDKROOT = iphoneos;
				SWIFT_VERSION = 5.0;
				TARGETED_DEVICE_FAMILY = "1,2";
				TEST_HOST = "$(BUILT_PRODUCTS_DIR)/UnitConverter.app/UnitConverter";
			};
			name = Release;
		};
		ED67F83057CEE50ECF046BBC /* Release */ = {
			isa = XCBuildConfiguration;
			buildSettings = {
				ALWAYS_SEARCH_USER_PATHS = NO;
				CLANG_ANALYZER_NONNULL = YES;
				CLANG_ANALYZER_NUMBER_OBJECT_CONVERSION = YES_AGGRESSIVE;
				CLANG_CXX_LANGUAGE_STANDARD = "gnu++14";
				CLANG_CXX_LIBRARY = "libc++";
				CLANG_ENABLE_MODULES = YES;
				CLANG_ENABLE_OBJC_ARC = YES;
				CLANG_ENABLE_OBJC_WEAK = YES;
				CLANG_WARN_BLOCK_CAPTURE_AUTORELEASING = YES;
				CLANG_WARN_BOOL_CONVERSION = YES;
				CLANG_WARN_COMMA = YES;
				CLANG_WARN_CONSTANT_CONVERSION = YES;
				CLANG_WARN_DEPRECATED_OBJC_IMPLEMENTATIONS = YES;
				CLANG_WARN_DIRECT_OBJC_ISA_USAGE = YES_ERROR;
				CLANG_WARN_DOCUMENTATION_COMMENTS = YES;
				CLANG_WARN_EMPTY_BODY = YES;
				CLANG_WARN_ENUM_CONVERSION = YES;
				CLANG_WARN_INFINITE_RECURSION = YES;
				CLANG_WARN_INT_CONVERSION = YES;
				CLANG_WARN_NON_LITERAL_NULL_CONVERSION = YES;
				CLANG_WARN_OBJC_IMPLICIT_RETAIN_SELF = YES;
				CLANG_WARN_OBJC_LITERAL_CONVERSION = YES;
				CLANG_WARN_OBJC_ROOT_CLASS = YES_ERROR;
				CLANG_WARN_QUOTED_INCLUDE_IN_FRAMEWORK_HEADER = YES;
				CLANG_WARN_RANGE_LOOP_ANALYSIS = YES;
				CLANG_WARN_STRICT_PROTOTYPES = YES;
				CLANG_WARN_SUSPICIOUS_MOVE = YES;
				CLANG_WARN_UNGUARDED_AVAILABILITY = YES_AGGRESSIVE;
				CLANG_WARN_UNREACHABLE_CODE = YES;
				CLANG_WARN__DUPLICATE_METHOD_MATCH = YES;
				COPY_PHASE_STRIP = NO;
				DEBUG_INFORMATION_FORMAT = "dwarf-with-dsym";
				ENABLE_NS_ASSERTIONS = NO;
				ENABLE_STRICT_OBJC_MSGSEND = YES;
				GCC_C_LANGUAGE_STANDARD = gnu11;
				GCC_NO_COMMON_BLOCKS = YES;
				GCC_WARN_64_TO_32_BIT_CONVERSION = YES;
				GCC_WARN_ABOUT_RETURN_TYPE = YES_ERROR;
				GCC_WARN_UNDECLARED_SELECTOR = YES;
				GCC_WARN_UNINITIALIZED_AUTOS = YES_AGGRESSIVE;
				GCC_WARN_UNUSED_FUNCTION = YES;
				GCC_WARN_UNUSED_VARIABLE = YES;
				IPHONEOS_DEPLOYMENT_TARGET = 17.0;
				MTL_ENABLE_DEBUG_INFO = NO;
				MTL_FAST_MATH = YES;
				PRODUCT_NAME = "$(TARGET_NAME)";
				SDKROOT = iphoneos;
				SWIFT_COMPILATION_MODE = wholemodule;
				SWIFT_OPTIMIZATION_LEVEL = "-O";
				SWIFT_VERSION = 5.0;
			};
			name = Release;
		};
/* End XCBuildConfiguration section */

/* Begin XCConfigurationList section */
		27778486E136F8AB4AC30E18 /* Build configuration list for PBXNativeTarget "UnitConverterTests" */ = {
			isa = XCConfigurationList;
			buildConfigurations = (
				CA79FA6C6C13B6995C3563E2 /* Debug */,
				D57D26C82AA0D6CFB675E378 /* Release */,
			);
			defaultConfigurationIsVisible = 0;
			defaultConfigurationName = Debug;
		};
		32BCB9F0CED20376E8602D8A /* Build configuration list for PBXNativeTarget "UnitConverter" */ = {
			isa = XCConfigurationList;
			buildConfigurations = (
				14DF3DD28FBCDF46CC4E9F87 /* Debug */,
				800039D7001EF43715D13643 /* Release */,
			);
			defaultConfigurationIsVisible = 0;
			defaultConfigurationName = Debug;
		};
		819DAA958CAD1660659554F1 /* Build configuration list for PBXProject "UnitConverter" */ = {
			isa = XCConfigurationList;
			buildConfigurations = (
				C68FFA8DD80EC0025A303456 /* Debug */,
				ED67F83057CEE50ECF046BBC /* Release */,
			);
			defaultConfigurationIsVisible = 0;
			defaultConfigurationName = Debug;
		};
/* End XCConfigurationList section */
	};
	rootObject = 296AB86B1BFB7FAAAE040884 /* Project object */;
}
